# This file is automatically @generated by Cargo.
# It is not intended for manual editing.
version = 4

[[package]]
name = "cbm-ra-fixture-basic"
version = "0.1.0"
dependencies = [
 "fixture-cross-crate",
 "fixture-derive",
]

[[package]]
name = "fixture-cross-crate"
version = "0.1.0"

[[package]]
name = "fixture-derive"
version = "0.1.0"
